// !$*UTF8*$!
{
	archiveVersion = 1;
	classes = {
	};
	objectVersion = 50;
	objects = {

/* Begin PBXBuildFile section */
		ED0C0D4724AB29E9008646D6 /* AppDelegate.swift in Sources */ = {isa = PBXBuildFile; fileRef = ED0C0D4624AB29E9008646D6 /* AppDelegate.swift */; };
		ED0C0D4B24AB29E9008646D6 /* StatisticsViewController.swift in Sources */ = {isa = PBXBuildFile; fileRef = ED0C0D4A24AB29E9008646D6 /* StatisticsViewController.swift */; };
		ED0C0D5024AB29EC008646D6 /* Assets.xcassets in Resources */ = {isa = PBXBuildFile; fileRef = ED0C0D4F24AB29EC008646D6 /* Assets.xcassets */; };
		ED0C0D5324AB29EC008646D6 /* LaunchScreen.storyboard in Resources */ = {isa = PBXBuildFile; fileRef = ED0C0D5124AB29EC008646D6 /* LaunchScreen.storyboard */; };
		ED0C0D5E24AB29EC008646D6 /* CovidTests.swift in Sources */ = {isa = PBXBuildFile; fileRef = ED0C0D5D24AB29EC008646D6 /* CovidTests.swift */; };
		ED0C0D6924AB29EC008646D6 /* CovidUITests.swift in Sources */ = {isa = PBXBuildFile; fileRef = ED0C0D6824AB29EC008646D6 /* CovidUITests.swift */; };
		ED196F1024C9703800C60C4F /* SummaryModel.swift in Sources */ = {isa = PBXBuildFile; fileRef = ED196F0F24C9703800C60C4F /* SummaryModel.swift */; };
		ED196F1224C9707500C60C4F /* DayOneModel.swift in Sources */ = {isa = PBXBuildFile; fileRef = ED196F1124C9707500C60C4F /* DayOneModel.swift */; };
		ED196F1C24C97F9400C60C4F /* DataManager.swift in Sources */ = {isa = PBXBuildFile; fileRef = ED196F1B24C97F9400C60C4F /* DataManager.swift */; };
		ED319C8024C77A1600138B7A /* Status.swift in Sources */ = {isa = PBXBuildFile; fileRef = ED319C7F24C77A1600138B7A /* Status.swift */; };
		ED34DCFB24C07A1100A7E6E3 /* Colors.swift in Sources */ = {isa = PBXBuildFile; fileRef = ED34DCFA24C07A1100A7E6E3 /* Colors.swift */; };
		ED34DCFD24C07FE100A7E6E3 /* Texts.swift in Sources */ = {isa = PBXBuildFile; fileRef = ED34DCFC24C07FE100A7E6E3 /* Texts.swift */; };
		ED34DD0024C0988400A7E6E3 /* Covid.xcdatamodeld in Sources */ = {isa = PBXBuildFile; fileRef = ED34DCFE24C0988400A7E6E3 /* Covid.xcdatamodeld */; };
		ED34DD0324C0AB6700A7E6E3 /* StatisticsData.swift in Sources */ = {isa = PBXBuildFile; fileRef = ED34DD0224C0AB6700A7E6E3 /* StatisticsData.swift */; };
		ED34DD0524C0ADD100A7E6E3 /* StatisticsViewOutput.swift in Sources */ = {isa = PBXBuildFile; fileRef = ED34DD0424C0ADD100A7E6E3 /* StatisticsViewOutput.swift */; };
		ED34DD0724C0ADE400A7E6E3 /* StatisticsViewInput.swift in Sources */ = {isa = PBXBuildFile; fileRef = ED34DD0624C0ADE400A7E6E3 /* StatisticsViewInput.swift */; };
		ED34DD1224C1CA4600A7E6E3 /* StatisticsInteractor.swift in Sources */ = {isa = PBXBuildFile; fileRef = ED34DD1124C1CA4600A7E6E3 /* StatisticsInteractor.swift */; };
		ED34DD1424C1CA7200A7E6E3 /* StatisticsInteractorInput.swift in Sources */ = {isa = PBXBuildFile; fileRef = ED34DD1324C1CA7200A7E6E3 /* StatisticsInteractorInput.swift */; };
		ED34DD1624C1CAA400A7E6E3 /* StatisticsInteractorOutput.swift in Sources */ = {isa = PBXBuildFile; fileRef = ED34DD1524C1CAA400A7E6E3 /* StatisticsInteractorOutput.swift */; };
		ED34DD1824C1CAC100A7E6E3 /* StatisticsRouter.swift in Sources */ = {isa = PBXBuildFile; fileRef = ED34DD1724C1CAC100A7E6E3 /* StatisticsRouter.swift */; };
		ED34DD1A24C1CADA00A7E6E3 /* StatisticsRouterInput.swift in Sources */ = {isa = PBXBuildFile; fileRef = ED34DD1924C1CADA00A7E6E3 /* StatisticsRouterInput.swift */; };
		ED34DD1F24C1DAE100A7E6E3 /* Formatter.swift in Sources */ = {isa = PBXBuildFile; fileRef = ED34DD1E24C1DAE100A7E6E3 /* Formatter.swift */; };
		ED34DD2124C1DAF500A7E6E3 /* Integer.swift in Sources */ = {isa = PBXBuildFile; fileRef = ED34DD2024C1DAF500A7E6E3 /* Integer.swift */; };
		ED34DD2B24C50EDF00A7E6E3 /* CountriesRouter.swift in Sources */ = {isa = PBXBuildFile; fileRef = ED34DD2A24C50EDF00A7E6E3 /* CountriesRouter.swift */; };
		ED34DD2D24C50EF600A7E6E3 /* CountriesRouterInput.swift in Sources */ = {isa = PBXBuildFile; fileRef = ED34DD2C24C50EF600A7E6E3 /* CountriesRouterInput.swift */; };
		ED34DD2F24C50F1200A7E6E3 /* CountriesInteractor.swift in Sources */ = {isa = PBXBuildFile; fileRef = ED34DD2E24C50F1200A7E6E3 /* CountriesInteractor.swift */; };
		ED34DD3124C50F9300A7E6E3 /* CountriesInteractorInput.swift in Sources */ = {isa = PBXBuildFile; fileRef = ED34DD3024C50F9300A7E6E3 /* CountriesInteractorInput.swift */; };
		ED34DD3324C50FA400A7E6E3 /* CountriesInteractorOutput.swift in Sources */ = {isa = PBXBuildFile; fileRef = ED34DD3224C50FA400A7E6E3 /* CountriesInteractorOutput.swift */; };
		ED34DD3524C50FBE00A7E6E3 /* CountriesPresenter.swift in Sources */ = {isa = PBXBuildFile; fileRef = ED34DD3424C50FBE00A7E6E3 /* CountriesPresenter.swift */; };
		ED34DD3724C50FE400A7E6E3 /* CountriesViewOutput.swift in Sources */ = {isa = PBXBuildFile; fileRef = ED34DD3624C50FE400A7E6E3 /* CountriesViewOutput.swift */; };
		ED34DD3924C50FF500A7E6E3 /* CountriesViewInput.swift in Sources */ = {isa = PBXBuildFile; fileRef = ED34DD3824C50FF500A7E6E3 /* CountriesViewInput.swift */; };
		ED34DD3B24C5100600A7E6E3 /* CountriesAssembly.swift in Sources */ = {isa = PBXBuildFile; fileRef = ED34DD3A24C5100600A7E6E3 /* CountriesAssembly.swift */; };
		ED48446B24B5D28D000030C7 /* CountriesViewController.swift in Sources */ = {isa = PBXBuildFile; fileRef = ED48446A24B5D28D000030C7 /* CountriesViewController.swift */; };
		ED4878DE24EC152B00EC1FC0 /* GlobalModel.swift in Sources */ = {isa = PBXBuildFile; fileRef = ED4878DD24EC152B00EC1FC0 /* GlobalModel.swift */; };
		ED4878E524EC35AD00EC1FC0 /* StatisticsModel.swift in Sources */ = {isa = PBXBuildFile; fileRef = ED4878E424EC35AD00EC1FC0 /* StatisticsModel.swift */; };
		ED4878F024EC601D00EC1FC0 /* Country+CoreDataClass.swift in Sources */ = {isa = PBXBuildFile; fileRef = ED4878EE24EC601D00EC1FC0 /* Country+CoreDataClass.swift */; };
		ED4878F124EC601D00EC1FC0 /* Country+CoreDataProperties.swift in Sources */ = {isa = PBXBuildFile; fileRef = ED4878EF24EC601D00EC1FC0 /* Country+CoreDataProperties.swift */; };
		ED4878F424EC629600EC1FC0 /* Global+CoreDataClass.swift in Sources */ = {isa = PBXBuildFile; fileRef = ED4878F224EC629600EC1FC0 /* Global+CoreDataClass.swift */; };
		ED4878F524EC629600EC1FC0 /* Global+CoreDataProperties.swift in Sources */ = {isa = PBXBuildFile; fileRef = ED4878F324EC629600EC1FC0 /* Global+CoreDataProperties.swift */; };
		ED61437324BC9D7A0019E45C /* mainIcon120.png in Resources */ = {isa = PBXBuildFile; fileRef = ED61437224BC9D7A0019E45C /* mainIcon120.png */; };
		ED61437C24BCC4550019E45C /* TabBarController.swift in Sources */ = {isa = PBXBuildFile; fileRef = ED61437B24BCC4550019E45C /* TabBarController.swift */; };
		ED61437F24BDB7C20019E45C /* StatisticsPresenter.swift in Sources */ = {isa = PBXBuildFile; fileRef = ED61437E24BDB7C20019E45C /* StatisticsPresenter.swift */; };
		ED61438724BE4CFD0019E45C /* StatisticsAssembly.swift in Sources */ = {isa = PBXBuildFile; fileRef = ED61438624BE4CFD0019E45C /* StatisticsAssembly.swift */; };
		ED7AC40324CEB51C00279807 /* CountryModel.swift in Sources */ = {isa = PBXBuildFile; fileRef = ED7AC40224CEB51C00279807 /* CountryModel.swift */; };
		ED7AC42B24D080C800279807 /* countries.png in Resources */ = {isa = PBXBuildFile; fileRef = ED7AC42924D080C800279807 /* countries.png */; };
		ED7AC42C24D080C800279807 /* statistics.png in Resources */ = {isa = PBXBuildFile; fileRef = ED7AC42A24D080C800279807 /* statistics.png */; };
		EDA6AE7B24D2FF2E00485082 /* Errors.swift in Sources */ = {isa = PBXBuildFile; fileRef = EDA6AE7A24D2FF2E00485082 /* Errors.swift */; };
		EDA6AE7D24D3175C00485082 /* GraphView.swift in Sources */ = {isa = PBXBuildFile; fileRef = EDA6AE7C24D3175C00485082 /* GraphView.swift */; };
		EDA6AE8724D7300600485082 /* CountryViewController.swift in Sources */ = {isa = PBXBuildFile; fileRef = EDA6AE8624D7300600485082 /* CountryViewController.swift */; };
		EDA6AE8E24D7307700485082 /* CountryAssembly.swift in Sources */ = {isa = PBXBuildFile; fileRef = EDA6AE8D24D7307700485082 /* CountryAssembly.swift */; };
		EDA6AE9024D730DD00485082 /* CountryViewInput.swift in Sources */ = {isa = PBXBuildFile; fileRef = EDA6AE8F24D730DD00485082 /* CountryViewInput.swift */; };
		EDA6AE9224D730F800485082 /* CountryViewOutput.swift in Sources */ = {isa = PBXBuildFile; fileRef = EDA6AE9124D730F800485082 /* CountryViewOutput.swift */; };
		EDA6AE9424D7312000485082 /* CountryPresenter.swift in Sources */ = {isa = PBXBuildFile; fileRef = EDA6AE9324D7312000485082 /* CountryPresenter.swift */; };
		EDA6AE9624D7314100485082 /* CountryInteractor.swift in Sources */ = {isa = PBXBuildFile; fileRef = EDA6AE9524D7314100485082 /* CountryInteractor.swift */; };
		EDA6AE9824D7316000485082 /* CountryInteractorInput.swift in Sources */ = {isa = PBXBuildFile; fileRef = EDA6AE9724D7316000485082 /* CountryInteractorInput.swift */; };
		EDA6AE9A24D7317600485082 /* CountryInteractorOutput.swift in Sources */ = {isa = PBXBuildFile; fileRef = EDA6AE9924D7317600485082 /* CountryInteractorOutput.swift */; };
		EDA6AE9C24D7319800485082 /* CountryRouter.swift in Sources */ = {isa = PBXBuildFile; fileRef = EDA6AE9B24D7319800485082 /* CountryRouter.swift */; };
		EDA6AE9E24D731C500485082 /* CountryRouterInput.swift in Sources */ = {isa = PBXBuildFile; fileRef = EDA6AE9D24D731C500485082 /* CountryRouterInput.swift */; };
		EDA6AEA624D9861F00485082 /* Margin.swift in Sources */ = {isa = PBXBuildFile; fileRef = EDA6AEA524D9861F00485082 /* Margin.swift */; };
		EDA6AEB024D9A55900485082 /* UserData.swift in Sources */ = {isa = PBXBuildFile; fileRef = EDA6AEAF24D9A55900485082 /* UserData.swift */; };
		EDA6AEB724D9A67F00485082 /* User+CoreDataClass.swift in Sources */ = {isa = PBXBuildFile; fileRef = EDA6AEB524D9A67F00485082 /* User+CoreDataClass.swift */; };
		EDA6AEB824D9A67F00485082 /* User+CoreDataProperties.swift in Sources */ = {isa = PBXBuildFile; fileRef = EDA6AEB624D9A67F00485082 /* User+CoreDataProperties.swift */; };
		EDA6AEBC24E2F6B900485082 /* StackView.swift in Sources */ = {isa = PBXBuildFile; fileRef = EDA6AEBB24E2F6B900485082 /* StackView.swift */; };
		EDA6AEFC24EA9E8F00485082 /* GlobalData.swift in Sources */ = {isa = PBXBuildFile; fileRef = EDA6AEFB24EA9E8F00485082 /* GlobalData.swift */; };
		EDA81A5A24B5DB5B0005BEC0 /* CountryCell.swift in Sources */ = {isa = PBXBuildFile; fileRef = EDA81A5924B5DB5B0005BEC0 /* CountryCell.swift */; };
		EDA81A6024B5DF1E0005BEC0 /* NetworkService.swift in Sources */ = {isa = PBXBuildFile; fileRef = EDA81A5F24B5DF1D0005BEC0 /* NetworkService.swift */; };
		EDDA369A24BF477700AD3C1C /* StatisticsStackView.swift in Sources */ = {isa = PBXBuildFile; fileRef = EDDA369924BF477700AD3C1C /* StatisticsStackView.swift */; };
/* End PBXBuildFile section */

/* Begin PBXContainerItemProxy section */
		ED0C0D5A24AB29EC008646D6 /* PBXContainerItemProxy */ = {
			isa = PBXContainerItemProxy;
			containerPortal = ED0C0D3B24AB29E9008646D6 /* Project object */;
			proxyType = 1;
			remoteGlobalIDString = ED0C0D4224AB29E9008646D6;
			remoteInfo = Covid;
		};
		ED0C0D6524AB29EC008646D6 /* PBXContainerItemProxy */ = {
			isa = PBXContainerItemProxy;
			containerPortal = ED0C0D3B24AB29E9008646D6 /* Project object */;
			proxyType = 1;
			remoteGlobalIDString = ED0C0D4224AB29E9008646D6;
			remoteInfo = Covid;
		};
/* End PBXContainerItemProxy section */

/* Begin PBXFileReference section */
		ED0C0D4324AB29E9008646D6 /* Covid.app */ = {isa = PBXFileReference; explicitFileType = wrapper.application; includeInIndex = 0; path = Covid.app; sourceTree = BUILT_PRODUCTS_DIR; };
		ED0C0D4624AB29E9008646D6 /* AppDelegate.swift */ = {isa = PBXFileReference; lastKnownFileType = sourcecode.swift; path = AppDelegate.swift; sourceTree = "<group>"; };
		ED0C0D4A24AB29E9008646D6 /* StatisticsViewController.swift */ = {isa = PBXFileReference; lastKnownFileType = sourcecode.swift; path = StatisticsViewController.swift; sourceTree = "<group>"; };
		ED0C0D4F24AB29EC008646D6 /* Assets.xcassets */ = {isa = PBXFileReference; lastKnownFileType = folder.assetcatalog; path = Assets.xcassets; sourceTree = "<group>"; };
		ED0C0D5224AB29EC008646D6 /* Base */ = {isa = PBXFileReference; lastKnownFileType = file.storyboard; name = Base; path = Base.lproj/LaunchScreen.storyboard; sourceTree = "<group>"; };
		ED0C0D5424AB29EC008646D6 /* Info.plist */ = {isa = PBXFileReference; lastKnownFileType = text.plist.xml; path = Info.plist; sourceTree = "<group>"; };
		ED0C0D5924AB29EC008646D6 /* CovidTests.xctest */ = {isa = PBXFileReference; explicitFileType = wrapper.cfbundle; includeInIndex = 0; path = CovidTests.xctest; sourceTree = BUILT_PRODUCTS_DIR; };
		ED0C0D5D24AB29EC008646D6 /* CovidTests.swift */ = {isa = PBXFileReference; lastKnownFileType = sourcecode.swift; path = CovidTests.swift; sourceTree = "<group>"; };
		ED0C0D5F24AB29EC008646D6 /* Info.plist */ = {isa = PBXFileReference; lastKnownFileType = text.plist.xml; path = Info.plist; sourceTree = "<group>"; };
		ED0C0D6424AB29EC008646D6 /* CovidUITests.xctest */ = {isa = PBXFileReference; explicitFileType = wrapper.cfbundle; includeInIndex = 0; path = CovidUITests.xctest; sourceTree = BUILT_PRODUCTS_DIR; };
		ED0C0D6824AB29EC008646D6 /* CovidUITests.swift */ = {isa = PBXFileReference; lastKnownFileType = sourcecode.swift; path = CovidUITests.swift; sourceTree = "<group>"; };
		ED0C0D6A24AB29EC008646D6 /* Info.plist */ = {isa = PBXFileReference; lastKnownFileType = text.plist.xml; path = Info.plist; sourceTree = "<group>"; };
		ED196F0F24C9703800C60C4F /* SummaryModel.swift */ = {isa = PBXFileReference; lastKnownFileType = sourcecode.swift; path = SummaryModel.swift; sourceTree = "<group>"; };
		ED196F1124C9707500C60C4F /* DayOneModel.swift */ = {isa = PBXFileReference; lastKnownFileType = sourcecode.swift; path = DayOneModel.swift; sourceTree = "<group>"; };
		ED196F1B24C97F9400C60C4F /* DataManager.swift */ = {isa = PBXFileReference; lastKnownFileType = sourcecode.swift; path = DataManager.swift; sourceTree = "<group>"; };
		ED319C7F24C77A1600138B7A /* Status.swift */ = {isa = PBXFileReference; lastKnownFileType = sourcecode.swift; path = Status.swift; sourceTree = "<group>"; };
		ED34DCFA24C07A1100A7E6E3 /* Colors.swift */ = {isa = PBXFileReference; lastKnownFileType = sourcecode.swift; path = Colors.swift; sourceTree = "<group>"; };
		ED34DCFC24C07FE100A7E6E3 /* Texts.swift */ = {isa = PBXFileReference; lastKnownFileType = sourcecode.swift; path = Texts.swift; sourceTree = "<group>"; };
		ED34DCFF24C0988400A7E6E3 /* Covid.xcdatamodel */ = {isa = PBXFileReference; lastKnownFileType = wrapper.xcdatamodel; path = Covid.xcdatamodel; sourceTree = "<group>"; };
		ED34DD0224C0AB6700A7E6E3 /* StatisticsData.swift */ = {isa = PBXFileReference; lastKnownFileType = sourcecode.swift; path = StatisticsData.swift; sourceTree = "<group>"; };
		ED34DD0424C0ADD100A7E6E3 /* StatisticsViewOutput.swift */ = {isa = PBXFileReference; lastKnownFileType = sourcecode.swift; path = StatisticsViewOutput.swift; sourceTree = "<group>"; };
		ED34DD0624C0ADE400A7E6E3 /* StatisticsViewInput.swift */ = {isa = PBXFileReference; lastKnownFileType = sourcecode.swift; path = StatisticsViewInput.swift; sourceTree = "<group>"; };
		ED34DD1124C1CA4600A7E6E3 /* StatisticsInteractor.swift */ = {isa = PBXFileReference; lastKnownFileType = sourcecode.swift; path = StatisticsInteractor.swift; sourceTree = "<group>"; };
		ED34DD1324C1CA7200A7E6E3 /* StatisticsInteractorInput.swift */ = {isa = PBXFileReference; lastKnownFileType = sourcecode.swift; path = StatisticsInteractorInput.swift; sourceTree = "<group>"; };
		ED34DD1524C1CAA400A7E6E3 /* StatisticsInteractorOutput.swift */ = {isa = PBXFileReference; lastKnownFileType = sourcecode.swift; path = StatisticsInteractorOutput.swift; sourceTree = "<group>"; };
		ED34DD1724C1CAC100A7E6E3 /* StatisticsRouter.swift */ = {isa = PBXFileReference; lastKnownFileType = sourcecode.swift; path = StatisticsRouter.swift; sourceTree = "<group>"; };
		ED34DD1924C1CADA00A7E6E3 /* StatisticsRouterInput.swift */ = {isa = PBXFileReference; lastKnownFileType = sourcecode.swift; path = StatisticsRouterInput.swift; sourceTree = "<group>"; };
		ED34DD1E24C1DAE100A7E6E3 /* Formatter.swift */ = {isa = PBXFileReference; lastKnownFileType = sourcecode.swift; path = Formatter.swift; sourceTree = "<group>"; };
		ED34DD2024C1DAF500A7E6E3 /* Integer.swift */ = {isa = PBXFileReference; lastKnownFileType = sourcecode.swift; path = Integer.swift; sourceTree = "<group>"; };
		ED34DD2A24C50EDF00A7E6E3 /* CountriesRouter.swift */ = {isa = PBXFileReference; lastKnownFileType = sourcecode.swift; path = CountriesRouter.swift; sourceTree = "<group>"; };
		ED34DD2C24C50EF600A7E6E3 /* CountriesRouterInput.swift */ = {isa = PBXFileReference; lastKnownFileType = sourcecode.swift; path = CountriesRouterInput.swift; sourceTree = "<group>"; };
		ED34DD2E24C50F1200A7E6E3 /* CountriesInteractor.swift */ = {isa = PBXFileReference; lastKnownFileType = sourcecode.swift; path = CountriesInteractor.swift; sourceTree = "<group>"; };
		ED34DD3024C50F9300A7E6E3 /* CountriesInteractorInput.swift */ = {isa = PBXFileReference; lastKnownFileType = sourcecode.swift; path = CountriesInteractorInput.swift; sourceTree = "<group>"; };
		ED34DD3224C50FA400A7E6E3 /* CountriesInteractorOutput.swift */ = {isa = PBXFileReference; lastKnownFileType = sourcecode.swift; path = CountriesInteractorOutput.swift; sourceTree = "<group>"; };
		ED34DD3424C50FBE00A7E6E3 /* CountriesPresenter.swift */ = {isa = PBXFileReference; lastKnownFileType = sourcecode.swift; path = CountriesPresenter.swift; sourceTree = "<group>"; };
		ED34DD3624C50FE400A7E6E3 /* CountriesViewOutput.swift */ = {isa = PBXFileReference; lastKnownFileType = sourcecode.swift; path = CountriesViewOutput.swift; sourceTree = "<group>"; };
		ED34DD3824C50FF500A7E6E3 /* CountriesViewInput.swift */ = {isa = PBXFileReference; lastKnownFileType = sourcecode.swift; path = CountriesViewInput.swift; sourceTree = "<group>"; };
		ED34DD3A24C5100600A7E6E3 /* CountriesAssembly.swift */ = {isa = PBXFileReference; lastKnownFileType = sourcecode.swift; path = CountriesAssembly.swift; sourceTree = "<group>"; };
		ED48446A24B5D28D000030C7 /* CountriesViewController.swift */ = {isa = PBXFileReference; lastKnownFileType = sourcecode.swift; path = CountriesViewController.swift; sourceTree = "<group>"; };
		ED4878DD24EC152B00EC1FC0 /* GlobalModel.swift */ = {isa = PBXFileReference; lastKnownFileType = sourcecode.swift; path = GlobalModel.swift; sourceTree = "<group>"; };
		ED4878E424EC35AD00EC1FC0 /* StatisticsModel.swift */ = {isa = PBXFileReference; lastKnownFileType = sourcecode.swift; path = StatisticsModel.swift; sourceTree = "<group>"; };
		ED4878EE24EC601D00EC1FC0 /* Country+CoreDataClass.swift */ = {isa = PBXFileReference; lastKnownFileType = sourcecode.swift; path = "Country+CoreDataClass.swift"; sourceTree = "<group>"; };
		ED4878EF24EC601D00EC1FC0 /* Country+CoreDataProperties.swift */ = {isa = PBXFileReference; lastKnownFileType = sourcecode.swift; path = "Country+CoreDataProperties.swift"; sourceTree = "<group>"; };
		ED4878F224EC629600EC1FC0 /* Global+CoreDataClass.swift */ = {isa = PBXFileReference; lastKnownFileType = sourcecode.swift; path = "Global+CoreDataClass.swift"; sourceTree = "<group>"; };
		ED4878F324EC629600EC1FC0 /* Global+CoreDataProperties.swift */ = {isa = PBXFileReference; lastKnownFileType = sourcecode.swift; path = "Global+CoreDataProperties.swift"; sourceTree = "<group>"; };
		ED61437224BC9D7A0019E45C /* mainIcon120.png */ = {isa = PBXFileReference; lastKnownFileType = image.png; path = mainIcon120.png; sourceTree = "<group>"; };
		ED61437B24BCC4550019E45C /* TabBarController.swift */ = {isa = PBXFileReference; lastKnownFileType = sourcecode.swift; path = TabBarController.swift; sourceTree = "<group>"; };
		ED61437E24BDB7C20019E45C /* StatisticsPresenter.swift */ = {isa = PBXFileReference; lastKnownFileType = sourcecode.swift; path = StatisticsPresenter.swift; sourceTree = "<group>"; };
		ED61438624BE4CFD0019E45C /* StatisticsAssembly.swift */ = {isa = PBXFileReference; lastKnownFileType = sourcecode.swift; path = StatisticsAssembly.swift; sourceTree = "<group>"; };
		ED7AC40224CEB51C00279807 /* CountryModel.swift */ = {isa = PBXFileReference; lastKnownFileType = sourcecode.swift; path = CountryModel.swift; sourceTree = "<group>"; };
		ED7AC42924D080C800279807 /* countries.png */ = {isa = PBXFileReference; lastKnownFileType = image.png; path = countries.png; sourceTree = "<group>"; };
		ED7AC42A24D080C800279807 /* statistics.png */ = {isa = PBXFileReference; lastKnownFileType = image.png; path = statistics.png; sourceTree = "<group>"; };
		EDA6AE7A24D2FF2E00485082 /* Errors.swift */ = {isa = PBXFileReference; lastKnownFileType = sourcecode.swift; path = Errors.swift; sourceTree = "<group>"; };
		EDA6AE7C24D3175C00485082 /* GraphView.swift */ = {isa = PBXFileReference; lastKnownFileType = sourcecode.swift; path = GraphView.swift; sourceTree = "<group>"; };
		EDA6AE8624D7300600485082 /* CountryViewController.swift */ = {isa = PBXFileReference; lastKnownFileType = sourcecode.swift; path = CountryViewController.swift; sourceTree = "<group>"; };
		EDA6AE8D24D7307700485082 /* CountryAssembly.swift */ = {isa = PBXFileReference; lastKnownFileType = sourcecode.swift; path = CountryAssembly.swift; sourceTree = "<group>"; };
		EDA6AE8F24D730DD00485082 /* CountryViewInput.swift */ = {isa = PBXFileReference; lastKnownFileType = sourcecode.swift; path = CountryViewInput.swift; sourceTree = "<group>"; };
		EDA6AE9124D730F800485082 /* CountryViewOutput.swift */ = {isa = PBXFileReference; lastKnownFileType = sourcecode.swift; path = CountryViewOutput.swift; sourceTree = "<group>"; };
		EDA6AE9324D7312000485082 /* CountryPresenter.swift */ = {isa = PBXFileReference; lastKnownFileType = sourcecode.swift; path = CountryPresenter.swift; sourceTree = "<group>"; };
		EDA6AE9524D7314100485082 /* CountryInteractor.swift */ = {isa = PBXFileReference; lastKnownFileType = sourcecode.swift; path = CountryInteractor.swift; sourceTree = "<group>"; };
		EDA6AE9724D7316000485082 /* CountryInteractorInput.swift */ = {isa = PBXFileReference; lastKnownFileType = sourcecode.swift; path = CountryInteractorInput.swift; sourceTree = "<group>"; };
		EDA6AE9924D7317600485082 /* CountryInteractorOutput.swift */ = {isa = PBXFileReference; lastKnownFileType = sourcecode.swift; path = CountryInteractorOutput.swift; sourceTree = "<group>"; };
		EDA6AE9B24D7319800485082 /* CountryRouter.swift */ = {isa = PBXFileReference; lastKnownFileType = sourcecode.swift; path = CountryRouter.swift; sourceTree = "<group>"; };
		EDA6AE9D24D731C500485082 /* CountryRouterInput.swift */ = {isa = PBXFileReference; lastKnownFileType = sourcecode.swift; path = CountryRouterInput.swift; sourceTree = "<group>"; };
		EDA6AEA524D9861F00485082 /* Margin.swift */ = {isa = PBXFileReference; lastKnownFileType = sourcecode.swift; path = Margin.swift; sourceTree = "<group>"; };
		EDA6AEAF24D9A55900485082 /* UserData.swift */ = {isa = PBXFileReference; lastKnownFileType = sourcecode.swift; path = UserData.swift; sourceTree = "<group>"; };
		EDA6AEB524D9A67F00485082 /* User+CoreDataClass.swift */ = {isa = PBXFileReference; lastKnownFileType = sourcecode.swift; path = "User+CoreDataClass.swift"; sourceTree = "<group>"; };
		EDA6AEB624D9A67F00485082 /* User+CoreDataProperties.swift */ = {isa = PBXFileReference; lastKnownFileType = sourcecode.swift; path = "User+CoreDataProperties.swift"; sourceTree = "<group>"; };
		EDA6AEBB24E2F6B900485082 /* StackView.swift */ = {isa = PBXFileReference; lastKnownFileType = sourcecode.swift; path = StackView.swift; sourceTree = "<group>"; };
		EDA6AEFB24EA9E8F00485082 /* GlobalData.swift */ = {isa = PBXFileReference; lastKnownFileType = sourcecode.swift; path = GlobalData.swift; sourceTree = "<group>"; };
		EDA81A5924B5DB5B0005BEC0 /* CountryCell.swift */ = {isa = PBXFileReference; lastKnownFileType = sourcecode.swift; path = CountryCell.swift; sourceTree = "<group>"; };
		EDA81A5F24B5DF1D0005BEC0 /* NetworkService.swift */ = {isa = PBXFileReference; lastKnownFileType = sourcecode.swift; path = NetworkService.swift; sourceTree = "<group>"; };
		EDDA369924BF477700AD3C1C /* StatisticsStackView.swift */ = {isa = PBXFileReference; lastKnownFileType = sourcecode.swift; path = StatisticsStackView.swift; sourceTree = "<group>"; };
/* End PBXFileReference section */

/* Begin PBXFrameworksBuildPhase section */
		ED0C0D4024AB29E9008646D6 /* Frameworks */ = {
			isa = PBXFrameworksBuildPhase;
			buildActionMask = 2147483647;
			files = (
			);
			runOnlyForDeploymentPostprocessing = 0;
		};
		ED0C0D5624AB29EC008646D6 /* Frameworks */ = {
			isa = PBXFrameworksBuildPhase;
			buildActionMask = 2147483647;
			files = (
			);
			runOnlyForDeploymentPostprocessing = 0;
		};
		ED0C0D6124AB29EC008646D6 /* Frameworks */ = {
			isa = PBXFrameworksBuildPhase;
			buildActionMask = 2147483647;
			files = (
			);
			runOnlyForDeploymentPostprocessing = 0;
		};
/* End PBXFrameworksBuildPhase section */

/* Begin PBXGroup section */
		ED0C0D3A24AB29E9008646D6 = {
			isa = PBXGroup;
			children = (
				ED0C0D4524AB29E9008646D6 /* Covid */,
				ED0C0D5C24AB29EC008646D6 /* CovidTests */,
				ED0C0D6724AB29EC008646D6 /* CovidUITests */,
				ED0C0D4424AB29E9008646D6 /* Products */,
			);
			sourceTree = "<group>";
		};
		ED0C0D4424AB29E9008646D6 /* Products */ = {
			isa = PBXGroup;
			children = (
				ED0C0D4324AB29E9008646D6 /* Covid.app */,
				ED0C0D5924AB29EC008646D6 /* CovidTests.xctest */,
				ED0C0D6424AB29EC008646D6 /* CovidUITests.xctest */,
			);
			name = Products;
			sourceTree = "<group>";
		};
		ED0C0D4524AB29E9008646D6 /* Covid */ = {
			isa = PBXGroup;
			children = (
				ED0E9B2824ED109C002D9D05 /* BusinessLogicLayer */,
				ED61437024BC89410019E45C /* Application */,
				ED34DD0E24C1AF2300A7E6E3 /* Common */,
				ED34DD0F24C1AF5C00A7E6E3 /* Countries */,
				ED34DD0824C1AECC00A7E6E3 /* Statistics */,
				EDA6AE8524D72FD600485082 /* Country */,
				ED34DCF924C079F700A7E6E3 /* Constants */,
				ED4AF5EC24B4F2C1000D5937 /* Resources */,
				ED34DD1D24C1DACA00A7E6E3 /* Extensions */,
				ED56030A24AF2E990099E01D /* Models */,
				ED196F1D24C984D200C60C4F /* DataManager */,
				EDA81A5C24B5DEE00005BEC0 /* Networking */,
				ED7AC40424CECC0800279807 /* Data */,
			);
			path = Covid;
			sourceTree = "<group>";
		};
		ED0C0D5C24AB29EC008646D6 /* CovidTests */ = {
			isa = PBXGroup;
			children = (
				ED0C0D5D24AB29EC008646D6 /* CovidTests.swift */,
				ED0C0D5F24AB29EC008646D6 /* Info.plist */,
			);
			path = CovidTests;
			sourceTree = "<group>";
		};
		ED0C0D6724AB29EC008646D6 /* CovidUITests */ = {
			isa = PBXGroup;
			children = (
				ED0C0D6824AB29EC008646D6 /* CovidUITests.swift */,
				ED0C0D6A24AB29EC008646D6 /* Info.plist */,
			);
			path = CovidUITests;
			sourceTree = "<group>";
		};
		ED0E9B2824ED109C002D9D05 /* BusinessLogicLayer */ = {
			isa = PBXGroup;
			children = (
			);
			path = BusinessLogicLayer;
			sourceTree = "<group>";
		};
		ED196F1D24C984D200C60C4F /* DataManager */ = {
			isa = PBXGroup;
			children = (
				ED196F1B24C97F9400C60C4F /* DataManager.swift */,
			);
			path = DataManager;
			sourceTree = "<group>";
		};
		ED319C1724C5D5B100138B7A /* TableView */ = {
			isa = PBXGroup;
			children = (
				EDA81A5924B5DB5B0005BEC0 /* CountryCell.swift */,
			);
			path = TableView;
			sourceTree = "<group>";
		};
		ED34DCF924C079F700A7E6E3 /* Constants */ = {
			isa = PBXGroup;
			children = (
				ED34DCFA24C07A1100A7E6E3 /* Colors.swift */,
				ED34DCFC24C07FE100A7E6E3 /* Texts.swift */,
				ED319C7F24C77A1600138B7A /* Status.swift */,
				EDA6AE7A24D2FF2E00485082 /* Errors.swift */,
				EDA6AEA524D9861F00485082 /* Margin.swift */,
			);
			path = Constants;
			sourceTree = "<group>";
		};
		ED34DD0124C0A86200A7E6E3 /* CoreData */ = {
			isa = PBXGroup;
			children = (
				ED4878F224EC629600EC1FC0 /* Global+CoreDataClass.swift */,
				ED4878F324EC629600EC1FC0 /* Global+CoreDataProperties.swift */,
				ED4878EE24EC601D00EC1FC0 /* Country+CoreDataClass.swift */,
				ED4878EF24EC601D00EC1FC0 /* Country+CoreDataProperties.swift */,
				EDA6AEB524D9A67F00485082 /* User+CoreDataClass.swift */,
				EDA6AEB624D9A67F00485082 /* User+CoreDataProperties.swift */,
				ED34DCFE24C0988400A7E6E3 /* Covid.xcdatamodeld */,
			);
			path = CoreData;
			sourceTree = "<group>";
		};
		ED34DD0824C1AECC00A7E6E3 /* Statistics */ = {
			isa = PBXGroup;
			children = (
				ED34DD0D24C1AF1400A7E6E3 /* Router */,
				ED34DD0C24C1AF0A00A7E6E3 /* Interactor */,
				ED34DD0B24C1AF0500A7E6E3 /* Presenter */,
				ED34DD0A24C1AEFF00A7E6E3 /* View */,
				ED34DD0924C1AEE100A7E6E3 /* Assembly */,
			);
			path = Statistics;
			sourceTree = "<group>";
		};
		ED34DD0924C1AEE100A7E6E3 /* Assembly */ = {
			isa = PBXGroup;
			children = (
				ED61438624BE4CFD0019E45C /* StatisticsAssembly.swift */,
			);
			path = Assembly;
			sourceTree = "<group>";
		};
		ED34DD0A24C1AEFF00A7E6E3 /* View */ = {
			isa = PBXGroup;
			children = (
				ED0C0D4A24AB29E9008646D6 /* StatisticsViewController.swift */,
				ED34DD0424C0ADD100A7E6E3 /* StatisticsViewOutput.swift */,
				ED34DD0624C0ADE400A7E6E3 /* StatisticsViewInput.swift */,
			);
			path = View;
			sourceTree = "<group>";
		};
		ED34DD0B24C1AF0500A7E6E3 /* Presenter */ = {
			isa = PBXGroup;
			children = (
				ED61437E24BDB7C20019E45C /* StatisticsPresenter.swift */,
			);
			path = Presenter;
			sourceTree = "<group>";
		};
		ED34DD0C24C1AF0A00A7E6E3 /* Interactor */ = {
			isa = PBXGroup;
			children = (
				ED34DD1124C1CA4600A7E6E3 /* StatisticsInteractor.swift */,
				ED34DD1324C1CA7200A7E6E3 /* StatisticsInteractorInput.swift */,
				ED34DD1524C1CAA400A7E6E3 /* StatisticsInteractorOutput.swift */,
			);
			path = Interactor;
			sourceTree = "<group>";
		};
		ED34DD0D24C1AF1400A7E6E3 /* Router */ = {
			isa = PBXGroup;
			children = (
				ED34DD1724C1CAC100A7E6E3 /* StatisticsRouter.swift */,
				ED34DD1924C1CADA00A7E6E3 /* StatisticsRouterInput.swift */,
			);
			path = Router;
			sourceTree = "<group>";
		};
		ED34DD0E24C1AF2300A7E6E3 /* Common */ = {
			isa = PBXGroup;
			children = (
				ED34DD2924C501BA00A7E6E3 /* TabBar */,
				ED34DD2824C501B100A7E6E3 /* Views */,
			);
			path = Common;
			sourceTree = "<group>";
		};
		ED34DD0F24C1AF5C00A7E6E3 /* Countries */ = {
			isa = PBXGroup;
			children = (
				ED34DD2724C4E38500A7E6E3 /* Router */,
				ED34DD2424C4E34400A7E6E3 /* Interactor */,
				ED34DD2624C4E37A00A7E6E3 /* Presenter */,
				ED34DD1024C1AF6400A7E6E3 /* View */,
				ED34DD2524C4E36000A7E6E3 /* Assembly */,
			);
			path = Countries;
			sourceTree = "<group>";
		};
		ED34DD1024C1AF6400A7E6E3 /* View */ = {
			isa = PBXGroup;
			children = (
				ED319C1724C5D5B100138B7A /* TableView */,
				ED48446A24B5D28D000030C7 /* CountriesViewController.swift */,
				ED34DD3624C50FE400A7E6E3 /* CountriesViewOutput.swift */,
				ED34DD3824C50FF500A7E6E3 /* CountriesViewInput.swift */,
			);
			path = View;
			sourceTree = "<group>";
		};
		ED34DD1D24C1DACA00A7E6E3 /* Extensions */ = {
			isa = PBXGroup;
			children = (
				ED34DD1E24C1DAE100A7E6E3 /* Formatter.swift */,
				ED34DD2024C1DAF500A7E6E3 /* Integer.swift */,
				EDA6AEBB24E2F6B900485082 /* StackView.swift */,
			);
			path = Extensions;
			sourceTree = "<group>";
		};
		ED34DD2424C4E34400A7E6E3 /* Interactor */ = {
			isa = PBXGroup;
			children = (
				ED34DD2E24C50F1200A7E6E3 /* CountriesInteractor.swift */,
				ED34DD3024C50F9300A7E6E3 /* CountriesInteractorInput.swift */,
				ED34DD3224C50FA400A7E6E3 /* CountriesInteractorOutput.swift */,
			);
			path = Interactor;
			sourceTree = "<group>";
		};
		ED34DD2524C4E36000A7E6E3 /* Assembly */ = {
			isa = PBXGroup;
			children = (
				ED34DD3A24C5100600A7E6E3 /* CountriesAssembly.swift */,
			);
			path = Assembly;
			sourceTree = "<group>";
		};
		ED34DD2624C4E37A00A7E6E3 /* Presenter */ = {
			isa = PBXGroup;
			children = (
				ED34DD3424C50FBE00A7E6E3 /* CountriesPresenter.swift */,
			);
			path = Presenter;
			sourceTree = "<group>";
		};
		ED34DD2724C4E38500A7E6E3 /* Router */ = {
			isa = PBXGroup;
			children = (
				ED34DD2A24C50EDF00A7E6E3 /* CountriesRouter.swift */,
				ED34DD2C24C50EF600A7E6E3 /* CountriesRouterInput.swift */,
			);
			path = Router;
			sourceTree = "<group>";
		};
		ED34DD2824C501B100A7E6E3 /* Views */ = {
			isa = PBXGroup;
			children = (
				EDDA369924BF477700AD3C1C /* StatisticsStackView.swift */,
				EDA6AE7C24D3175C00485082 /* GraphView.swift */,
			);
			path = Views;
			sourceTree = "<group>";
		};
		ED34DD2924C501BA00A7E6E3 /* TabBar */ = {
			isa = PBXGroup;
			children = (
				ED61437B24BCC4550019E45C /* TabBarController.swift */,
			);
			path = TabBar;
			sourceTree = "<group>";
		};
		ED4AF5EC24B4F2C1000D5937 /* Resources */ = {
			isa = PBXGroup;
			children = (
				ED61437124BC89770019E45C /* image */,
				ED0C0D5124AB29EC008646D6 /* LaunchScreen.storyboard */,
				ED0C0D5424AB29EC008646D6 /* Info.plist */,
				ED0C0D4F24AB29EC008646D6 /* Assets.xcassets */,
			);
			path = Resources;
			sourceTree = "<group>";
		};
		ED56030A24AF2E990099E01D /* Models */ = {
			isa = PBXGroup;
			children = (
				ED4878E424EC35AD00EC1FC0 /* StatisticsModel.swift */,
				ED196F0F24C9703800C60C4F /* SummaryModel.swift */,
				ED7AC40224CEB51C00279807 /* CountryModel.swift */,
				ED4878DD24EC152B00EC1FC0 /* GlobalModel.swift */,
				ED196F1124C9707500C60C4F /* DayOneModel.swift */,
				ED34DD0124C0A86200A7E6E3 /* CoreData */,
			);
			path = Models;
			sourceTree = "<group>";
		};
		ED61437024BC89410019E45C /* Application */ = {
			isa = PBXGroup;
			children = (
				ED0C0D4624AB29E9008646D6 /* AppDelegate.swift */,
			);
			path = Application;
			sourceTree = "<group>";
		};
		ED61437124BC89770019E45C /* image */ = {
			isa = PBXGroup;
			children = (
				ED7AC42924D080C800279807 /* countries.png */,
				ED7AC42A24D080C800279807 /* statistics.png */,
				ED61437424BC9EF20019E45C /* mainIcon */,
			);
			path = image;
			sourceTree = "<group>";
		};
		ED61437424BC9EF20019E45C /* mainIcon */ = {
			isa = PBXGroup;
			children = (
				ED61437224BC9D7A0019E45C /* mainIcon120.png */,
			);
			path = mainIcon;
			sourceTree = "<group>";
		};
		ED7AC40424CECC0800279807 /* Data */ = {
			isa = PBXGroup;
			children = (
				ED34DD0224C0AB6700A7E6E3 /* StatisticsData.swift */,
				EDA6AEAF24D9A55900485082 /* UserData.swift */,
				EDA6AEFB24EA9E8F00485082 /* GlobalData.swift */,
			);
			path = Data;
			sourceTree = "<group>";
		};
		EDA6AE8524D72FD600485082 /* Country */ = {
			isa = PBXGroup;
			children = (
				EDA6AE8A24D7302800485082 /* Router */,
				EDA6AE8B24D7303000485082 /* Interactor */,
				EDA6AE8924D7302300485082 /* Presenter */,
				EDA6AE8824D7301E00485082 /* View */,
				EDA6AE8C24D7303600485082 /* Assembly */,
			);
			path = Country;
			sourceTree = "<group>";
		};
		EDA6AE8824D7301E00485082 /* View */ = {
			isa = PBXGroup;
			children = (
				EDA6AE8624D7300600485082 /* CountryViewController.swift */,
				EDA6AE8F24D730DD00485082 /* CountryViewInput.swift */,
				EDA6AE9124D730F800485082 /* CountryViewOutput.swift */,
			);
			path = View;
			sourceTree = "<group>";
		};
		EDA6AE8924D7302300485082 /* Presenter */ = {
			isa = PBXGroup;
			children = (
				EDA6AE9324D7312000485082 /* CountryPresenter.swift */,
			);
			path = Presenter;
			sourceTree = "<group>";
		};
		EDA6AE8A24D7302800485082 /* Router */ = {
			isa = PBXGroup;
			children = (
				EDA6AE9B24D7319800485082 /* CountryRouter.swift */,
				EDA6AE9D24D731C500485082 /* CountryRouterInput.swift */,
			);
			path = Router;
			sourceTree = "<group>";
		};
		EDA6AE8B24D7303000485082 /* Interactor */ = {
			isa = PBXGroup;
			children = (
				EDA6AE9524D7314100485082 /* CountryInteractor.swift */,
				EDA6AE9724D7316000485082 /* CountryInteractorInput.swift */,
				EDA6AE9924D7317600485082 /* CountryInteractorOutput.swift */,
			);
			path = Interactor;
			sourceTree = "<group>";
		};
		EDA6AE8C24D7303600485082 /* Assembly */ = {
			isa = PBXGroup;
			children = (
				EDA6AE8D24D7307700485082 /* CountryAssembly.swift */,
			);
			path = Assembly;
			sourceTree = "<group>";
		};
		EDA81A5C24B5DEE00005BEC0 /* Networking */ = {
			isa = PBXGroup;
			children = (
				EDA81A5F24B5DF1D0005BEC0 /* NetworkService.swift */,
			);
			path = Networking;
			sourceTree = "<group>";
		};
/* End PBXGroup section */

/* Begin PBXNativeTarget section */
		ED0C0D4224AB29E9008646D6 /* Covid */ = {
			isa = PBXNativeTarget;
			buildConfigurationList = ED0C0D6D24AB29EC008646D6 /* Build configuration list for PBXNativeTarget "Covid" */;
			buildPhases = (
				ED0C0D3F24AB29E9008646D6 /* Sources */,
				ED0C0D4024AB29E9008646D6 /* Frameworks */,
				ED0C0D4124AB29E9008646D6 /* Resources */,
			);
			buildRules = (
			);
			dependencies = (
			);
			name = Covid;
			productName = Covid;
			productReference = ED0C0D4324AB29E9008646D6 /* Covid.app */;
			productType = "com.apple.product-type.application";
		};
		ED0C0D5824AB29EC008646D6 /* CovidTests */ = {
			isa = PBXNativeTarget;
			buildConfigurationList = ED0C0D7024AB29EC008646D6 /* Build configuration list for PBXNativeTarget "CovidTests" */;
			buildPhases = (
				ED0C0D5524AB29EC008646D6 /* Sources */,
				ED0C0D5624AB29EC008646D6 /* Frameworks */,
				ED0C0D5724AB29EC008646D6 /* Resources */,
			);
			buildRules = (
			);
			dependencies = (
				ED0C0D5B24AB29EC008646D6 /* PBXTargetDependency */,
			);
			name = CovidTests;
			productName = CovidTests;
			productReference = ED0C0D5924AB29EC008646D6 /* CovidTests.xctest */;
			productType = "com.apple.product-type.bundle.unit-test";
		};
		ED0C0D6324AB29EC008646D6 /* CovidUITests */ = {
			isa = PBXNativeTarget;
			buildConfigurationList = ED0C0D7324AB29EC008646D6 /* Build configuration list for PBXNativeTarget "CovidUITests" */;
			buildPhases = (
				ED0C0D6024AB29EC008646D6 /* Sources */,
				ED0C0D6124AB29EC008646D6 /* Frameworks */,
				ED0C0D6224AB29EC008646D6 /* Resources */,
			);
			buildRules = (
			);
			dependencies = (
				ED0C0D6624AB29EC008646D6 /* PBXTargetDependency */,
			);
			name = CovidUITests;
			productName = CovidUITests;
			productReference = ED0C0D6424AB29EC008646D6 /* CovidUITests.xctest */;
			productType = "com.apple.product-type.bundle.ui-testing";
		};
/* End PBXNativeTarget section */

/* Begin PBXProject section */
		ED0C0D3B24AB29E9008646D6 /* Project object */ = {
			isa = PBXProject;
			attributes = {
				LastSwiftUpdateCheck = 1150;
				LastUpgradeCheck = 1150;
				ORGANIZATIONNAME = "Kirill Selivanov";
				TargetAttributes = {
					ED0C0D4224AB29E9008646D6 = {
						CreatedOnToolsVersion = 11.5;
					};
					ED0C0D5824AB29EC008646D6 = {
						CreatedOnToolsVersion = 11.5;
						TestTargetID = ED0C0D4224AB29E9008646D6;
					};
					ED0C0D6324AB29EC008646D6 = {
						CreatedOnToolsVersion = 11.5;
						TestTargetID = ED0C0D4224AB29E9008646D6;
					};
				};
			};
			buildConfigurationList = ED0C0D3E24AB29E9008646D6 /* Build configuration list for PBXProject "Covid" */;
			compatibilityVersion = "Xcode 9.3";
			developmentRegion = en;
			hasScannedForEncodings = 0;
			knownRegions = (
				en,
				Base,
			);
			mainGroup = ED0C0D3A24AB29E9008646D6;
			productRefGroup = ED0C0D4424AB29E9008646D6 /* Products */;
			projectDirPath = "";
			projectRoot = "";
			targets = (
				ED0C0D4224AB29E9008646D6 /* Covid */,
				ED0C0D5824AB29EC008646D6 /* CovidTests */,
				ED0C0D6324AB29EC008646D6 /* CovidUITests */,
			);
		};
/* End PBXProject section */

/* Begin PBXResourcesBuildPhase section */
		ED0C0D4124AB29E9008646D6 /* Resources */ = {
			isa = PBXResourcesBuildPhase;
			buildActionMask = 2147483647;
			files = (
				ED0C0D5324AB29EC008646D6 /* LaunchScreen.storyboard in Resources */,
				ED7AC42B24D080C800279807 /* countries.png in Resources */,
				ED7AC42C24D080C800279807 /* statistics.png in Resources */,
				ED61437324BC9D7A0019E45C /* mainIcon120.png in Resources */,
				ED0C0D5024AB29EC008646D6 /* Assets.xcassets in Resources */,
			);
			runOnlyForDeploymentPostprocessing = 0;
		};
		ED0C0D5724AB29EC008646D6 /* Resources */ = {
			isa = PBXResourcesBuildPhase;
			buildActionMask = 2147483647;
			files = (
			);
			runOnlyForDeploymentPostprocessing = 0;
		};
		ED0C0D6224AB29EC008646D6 /* Resources */ = {
			isa = PBXResourcesBuildPhase;
			buildActionMask = 2147483647;
			files = (
			);
			runOnlyForDeploymentPostprocessing = 0;
		};
/* End PBXResourcesBuildPhase section */

/* Begin PBXSourcesBuildPhase section */
		ED0C0D3F24AB29E9008646D6 /* Sources */ = {
			isa = PBXSourcesBuildPhase;
			buildActionMask = 2147483647;
			files = (
				ED0C0D4B24AB29E9008646D6 /* StatisticsViewController.swift in Sources */,
				ED196F1C24C97F9400C60C4F /* DataManager.swift in Sources */,
				ED4878DE24EC152B00EC1FC0 /* GlobalModel.swift in Sources */,
				EDA6AEB024D9A55900485082 /* UserData.swift in Sources */,
				ED34DCFB24C07A1100A7E6E3 /* Colors.swift in Sources */,
				EDA6AEA624D9861F00485082 /* Margin.swift in Sources */,
				ED34DD2F24C50F1200A7E6E3 /* CountriesInteractor.swift in Sources */,
				ED319C8024C77A1600138B7A /* Status.swift in Sources */,
				ED4878E524EC35AD00EC1FC0 /* StatisticsModel.swift in Sources */,
				ED34DD3324C50FA400A7E6E3 /* CountriesInteractorOutput.swift in Sources */,
				ED0C0D4724AB29E9008646D6 /* AppDelegate.swift in Sources */,
				ED34DD0324C0AB6700A7E6E3 /* StatisticsData.swift in Sources */,
				EDA6AEB824D9A67F00485082 /* User+CoreDataProperties.swift in Sources */,
				ED34DD3124C50F9300A7E6E3 /* CountriesInteractorInput.swift in Sources */,
				ED61437F24BDB7C20019E45C /* StatisticsPresenter.swift in Sources */,
				ED34DD1224C1CA4600A7E6E3 /* StatisticsInteractor.swift in Sources */,
				ED34DD2124C1DAF500A7E6E3 /* Integer.swift in Sources */,
				EDA6AE8724D7300600485082 /* CountryViewController.swift in Sources */,
				EDA6AE9E24D731C500485082 /* CountryRouterInput.swift in Sources */,
				ED34DD1F24C1DAE100A7E6E3 /* Formatter.swift in Sources */,
				ED4878F124EC601D00EC1FC0 /* Country+CoreDataProperties.swift in Sources */,
				EDA81A5A24B5DB5B0005BEC0 /* CountryCell.swift in Sources */,
				EDA6AEB724D9A67F00485082 /* User+CoreDataClass.swift in Sources */,
				ED4878F024EC601D00EC1FC0 /* Country+CoreDataClass.swift in Sources */,
				EDA6AEFC24EA9E8F00485082 /* GlobalData.swift in Sources */,
				ED34DD1424C1CA7200A7E6E3 /* StatisticsInteractorInput.swift in Sources */,
				ED34DD1624C1CAA400A7E6E3 /* StatisticsInteractorOutput.swift in Sources */,
				ED196F1224C9707500C60C4F /* DayOneModel.swift in Sources */,
				ED34DD0024C0988400A7E6E3 /* Covid.xcdatamodeld in Sources */,
				ED34DD2D24C50EF600A7E6E3 /* CountriesRouterInput.swift in Sources */,
				EDDA369A24BF477700AD3C1C /* StatisticsStackView.swift in Sources */,
				EDA6AE7D24D3175C00485082 /* GraphView.swift in Sources */,
				ED34DD2B24C50EDF00A7E6E3 /* CountriesRouter.swift in Sources */,
				EDA6AE7B24D2FF2E00485082 /* Errors.swift in Sources */,
				ED34DD1A24C1CADA00A7E6E3 /* StatisticsRouterInput.swift in Sources */,
				ED61437C24BCC4550019E45C /* TabBarController.swift in Sources */,
				EDA6AE9624D7314100485082 /* CountryInteractor.swift in Sources */,
				ED48446B24B5D28D000030C7 /* CountriesViewController.swift in Sources */,
				EDA6AE8E24D7307700485082 /* CountryAssembly.swift in Sources */,
				EDA6AE9A24D7317600485082 /* CountryInteractorOutput.swift in Sources */,
				ED34DD0724C0ADE400A7E6E3 /* StatisticsViewInput.swift in Sources */,
				EDA6AEBC24E2F6B900485082 /* StackView.swift in Sources */,
				ED4878F524EC629600EC1FC0 /* Global+CoreDataProperties.swift in Sources */,
				EDA6AE9824D7316000485082 /* CountryInteractorInput.swift in Sources */,
				ED34DD3524C50FBE00A7E6E3 /* CountriesPresenter.swift in Sources */,
				ED34DD3B24C5100600A7E6E3 /* CountriesAssembly.swift in Sources */,
				ED34DD1824C1CAC100A7E6E3 /* StatisticsRouter.swift in Sources */,
				ED4878F424EC629600EC1FC0 /* Global+CoreDataClass.swift in Sources */,
				EDA6AE9C24D7319800485082 /* CountryRouter.swift in Sources */,
				ED34DD3924C50FF500A7E6E3 /* CountriesViewInput.swift in Sources */,
				ED196F1024C9703800C60C4F /* SummaryModel.swift in Sources */,
				ED7AC40324CEB51C00279807 /* CountryModel.swift in Sources */,
				ED34DD0524C0ADD100A7E6E3 /* StatisticsViewOutput.swift in Sources */,
				ED34DD3724C50FE400A7E6E3 /* CountriesViewOutput.swift in Sources */,
				EDA6AE9024D730DD00485082 /* CountryViewInput.swift in Sources */,
				EDA81A6024B5DF1E0005BEC0 /* NetworkService.swift in Sources */,
				ED34DCFD24C07FE100A7E6E3 /* Texts.swift in Sources */,
				EDA6AE9424D7312000485082 /* CountryPresenter.swift in Sources */,
				ED61438724BE4CFD0019E45C /* StatisticsAssembly.swift in Sources */,
				EDA6AE9224D730F800485082 /* CountryViewOutput.swift in Sources */,
			);
			runOnlyForDeploymentPostprocessing = 0;
		};
		ED0C0D5524AB29EC008646D6 /* Sources */ = {
			isa = PBXSourcesBuildPhase;
			buildActionMask = 2147483647;
			files = (
				ED0C0D5E24AB29EC008646D6 /* CovidTests.swift in Sources */,
			);
			runOnlyForDeploymentPostprocessing = 0;
		};
		ED0C0D6024AB29EC008646D6 /* Sources */ = {
			isa = PBXSourcesBuildPhase;
			buildActionMask = 2147483647;
			files = (
				ED0C0D6924AB29EC008646D6 /* CovidUITests.swift in Sources */,
			);
			runOnlyForDeploymentPostprocessing = 0;
		};
/* End PBXSourcesBuildPhase section */

/* Begin PBXTargetDependency section */
		ED0C0D5B24AB29EC008646D6 /* PBXTargetDependency */ = {
			isa = PBXTargetDependency;
			target = ED0C0D4224AB29E9008646D6 /* Covid */;
			targetProxy = ED0C0D5A24AB29EC008646D6 /* PBXContainerItemProxy */;
		};
		ED0C0D6624AB29EC008646D6 /* PBXTargetDependency */ = {
			isa = PBXTargetDependency;
			target = ED0C0D4224AB29E9008646D6 /* Covid */;
			targetProxy = ED0C0D6524AB29EC008646D6 /* PBXContainerItemProxy */;
		};
/* End PBXTargetDependency section */

/* Begin PBXVariantGroup section */
		ED0C0D5124AB29EC008646D6 /* LaunchScreen.storyboard */ = {
			isa = PBXVariantGroup;
			children = (
				ED0C0D5224AB29EC008646D6 /* Base */,
			);
			name = LaunchScreen.storyboard;
			sourceTree = "<group>";
		};
/* End PBXVariantGroup section */

/* Begin XCBuildConfiguration section */
		ED0C0D6B24AB29EC008646D6 /* Debug */ = {
			isa = XCBuildConfiguration;
			buildSettings = {
				ALWAYS_SEARCH_USER_PATHS = NO;
				CLANG_ANALYZER_NONNULL = YES;
				CLANG_ANALYZER_NUMBER_OBJECT_CONVERSION = YES_AGGRESSIVE;
				CLANG_CXX_LANGUAGE_STANDARD = "gnu++14";
				CLANG_CXX_LIBRARY = "libc++";
				CLANG_ENABLE_MODULES = YES;
				CLANG_ENABLE_OBJC_ARC = YES;
				CLANG_ENABLE_OBJC_WEAK = YES;
				CLANG_WARN_BLOCK_CAPTURE_AUTORELEASING = YES;
				CLANG_WARN_BOOL_CONVERSION = YES;
				CLANG_WARN_COMMA = YES;
				CLANG_WARN_CONSTANT_CONVERSION = YES;
				CLANG_WARN_DEPRECATED_OBJC_IMPLEMENTATIONS = YES;
				CLANG_WARN_DIRECT_OBJC_ISA_USAGE = YES_ERROR;
				CLANG_WARN_DOCUMENTATION_COMMENTS = YES;
				CLANG_WARN_EMPTY_BODY = YES;
				CLANG_WARN_ENUM_CONVERSION = YES;
				CLANG_WARN_INFINITE_RECURSION = YES;
				CLANG_WARN_INT_CONVERSION = YES;
				CLANG_WARN_NON_LITERAL_NULL_CONVERSION = YES;
				CLANG_WARN_OBJC_IMPLICIT_RETAIN_SELF = YES;
				CLANG_WARN_OBJC_LITERAL_CONVERSION = YES;
				CLANG_WARN_OBJC_ROOT_CLASS = YES_ERROR;
				CLANG_WARN_RANGE_LOOP_ANALYSIS = YES;
				CLANG_WARN_STRICT_PROTOTYPES = YES;
				CLANG_WARN_SUSPICIOUS_MOVE = YES;
				CLANG_WARN_UNGUARDED_AVAILABILITY = YES_AGGRESSIVE;
				CLANG_WARN_UNREACHABLE_CODE = YES;
				CLANG_WARN__DUPLICATE_METHOD_MATCH = YES;
				COPY_PHASE_STRIP = NO;
				DEBUG_INFORMATION_FORMAT = dwarf;
				ENABLE_STRICT_OBJC_MSGSEND = YES;
				ENABLE_TESTABILITY = YES;
				GCC_C_LANGUAGE_STANDARD = gnu11;
				GCC_DYNAMIC_NO_PIC = NO;
				GCC_NO_COMMON_BLOCKS = YES;
				GCC_OPTIMIZATION_LEVEL = 0;
				GCC_PREPROCESSOR_DEFINITIONS = (
					"DEBUG=1",
					"$(inherited)",
				);
				GCC_WARN_64_TO_32_BIT_CONVERSION = YES;
				GCC_WARN_ABOUT_RETURN_TYPE = YES_ERROR;
				GCC_WARN_UNDECLARED_SELECTOR = YES;
				GCC_WARN_UNINITIALIZED_AUTOS = YES_AGGRESSIVE;
				GCC_WARN_UNUSED_FUNCTION = YES;
				GCC_WARN_UNUSED_VARIABLE = YES;
				IPHONEOS_DEPLOYMENT_TARGET = 10.0;
				MTL_ENABLE_DEBUG_INFO = INCLUDE_SOURCE;
				MTL_FAST_MATH = YES;
				ONLY_ACTIVE_ARCH = YES;
				SDKROOT = iphoneos;
				SWIFT_ACTIVE_COMPILATION_CONDITIONS = DEBUG;
				SWIFT_OPTIMIZATION_LEVEL = "-Onone";
			};
			name = Debug;
		};
		ED0C0D6C24AB29EC008646D6 /* Release */ = {
			isa = XCBuildConfiguration;
			buildSettings = {
				ALWAYS_SEARCH_USER_PATHS = NO;
				CLANG_ANALYZER_NONNULL = YES;
				CLANG_ANALYZER_NUMBER_OBJECT_CONVERSION = YES_AGGRESSIVE;
				CLANG_CXX_LANGUAGE_STANDARD = "gnu++14";
				CLANG_CXX_LIBRARY = "libc++";
				CLANG_ENABLE_MODULES = YES;
				CLANG_ENABLE_OBJC_ARC = YES;
				CLANG_ENABLE_OBJC_WEAK = YES;
				CLANG_WARN_BLOCK_CAPTURE_AUTORELEASING = YES;
				CLANG_WARN_BOOL_CONVERSION = YES;
				CLANG_WARN_COMMA = YES;
				CLANG_WARN_CONSTANT_CONVERSION = YES;
				CLANG_WARN_DEPRECATED_OBJC_IMPLEMENTATIONS = YES;
				CLANG_WARN_DIRECT_OBJC_ISA_USAGE = YES_ERROR;
				CLANG_WARN_DOCUMENTATION_COMMENTS = YES;
				CLANG_WARN_EMPTY_BODY = YES;
				CLANG_WARN_ENUM_CONVERSION = YES;
				CLANG_WARN_INFINITE_RECURSION = YES;
				CLANG_WARN_INT_CONVERSION = YES;
				CLANG_WARN_NON_LITERAL_NULL_CONVERSION = YES;
				CLANG_WARN_OBJC_IMPLICIT_RETAIN_SELF = YES;
				CLANG_WARN_OBJC_LITERAL_CONVERSION = YES;
				CLANG_WARN_OBJC_ROOT_CLASS = YES_ERROR;
				CLANG_WARN_RANGE_LOOP_ANALYSIS = YES;
				CLANG_WARN_STRICT_PROTOTYPES = YES;
				CLANG_WARN_SUSPICIOUS_MOVE = YES;
				CLANG_WARN_UNGUARDED_AVAILABILITY = YES_AGGRESSIVE;
				CLANG_WARN_UNREACHABLE_CODE = YES;
				CLANG_WARN__DUPLICATE_METHOD_MATCH = YES;
				COPY_PHASE_STRIP = NO;
				DEBUG_INFORMATION_FORMAT = "dwarf-with-dsym";
				ENABLE_NS_ASSERTIONS = NO;
				ENABLE_STRICT_OBJC_MSGSEND = YES;
				GCC_C_LANGUAGE_STANDARD = gnu11;
				GCC_NO_COMMON_BLOCKS = YES;
				GCC_WARN_64_TO_32_BIT_CONVERSION = YES;
				GCC_WARN_ABOUT_RETURN_TYPE = YES_ERROR;
				GCC_WARN_UNDECLARED_SELECTOR = YES;
				GCC_WARN_UNINITIALIZED_AUTOS = YES_AGGRESSIVE;
				GCC_WARN_UNUSED_FUNCTION = YES;
				GCC_WARN_UNUSED_VARIABLE = YES;
				IPHONEOS_DEPLOYMENT_TARGET = 10.0;
				MTL_ENABLE_DEBUG_INFO = NO;
				MTL_FAST_MATH = YES;
				SDKROOT = iphoneos;
				SWIFT_COMPILATION_MODE = wholemodule;
				SWIFT_OPTIMIZATION_LEVEL = "-O";
				VALIDATE_PRODUCT = YES;
			};
			name = Release;
		};
		ED0C0D6E24AB29EC008646D6 /* Debug */ = {
			isa = XCBuildConfiguration;
			buildSettings = {
				ASSETCATALOG_COMPILER_APPICON_NAME = AppIcon;
				CODE_SIGN_STYLE = Automatic;
				INFOPLIST_FILE = Covid/Resources/Info.plist;
				IPHONEOS_DEPLOYMENT_TARGET = 10.0;
				LD_RUNPATH_SEARCH_PATHS = (
					"$(inherited)",
					"@executable_path/Frameworks",
				);
				PRODUCT_BUNDLE_IDENTIFIER = com.ks.Covid;
				PRODUCT_NAME = "$(TARGET_NAME)";
				SWIFT_VERSION = 5.0;
				TARGETED_DEVICE_FAMILY = "1,2";
			};
			name = Debug;
		};
		ED0C0D6F24AB29EC008646D6 /* Release */ = {
			isa = XCBuildConfiguration;
			buildSettings = {
				ASSETCATALOG_COMPILER_APPICON_NAME = AppIcon;
				CODE_SIGN_STYLE = Automatic;
				INFOPLIST_FILE = Covid/Resources/Info.plist;
				IPHONEOS_DEPLOYMENT_TARGET = 10.0;
				LD_RUNPATH_SEARCH_PATHS = (
					"$(inherited)",
					"@executable_path/Frameworks",
				);
				PRODUCT_BUNDLE_IDENTIFIER = com.ks.Covid;
				PRODUCT_NAME = "$(TARGET_NAME)";
				SWIFT_VERSION = 5.0;
				TARGETED_DEVICE_FAMILY = "1,2";
			};
			name = Release;
		};
		ED0C0D7124AB29EC008646D6 /* Debug */ = {
			isa = XCBuildConfiguration;
			buildSettings = {
				ALWAYS_EMBED_SWIFT_STANDARD_LIBRARIES = YES;
				BUNDLE_LOADER = "$(TEST_HOST)";
				CODE_SIGN_STYLE = Automatic;
				INFOPLIST_FILE = CovidTests/Info.plist;
				IPHONEOS_DEPLOYMENT_TARGET = 13.5;
				LD_RUNPATH_SEARCH_PATHS = (
					"$(inherited)",
					"@executable_path/Frameworks",
					"@loader_path/Frameworks",
				);
				PRODUCT_BUNDLE_IDENTIFIER = com.ks.CovidTests;
				PRODUCT_NAME = "$(TARGET_NAME)";
				SWIFT_VERSION = 5.0;
				TARGETED_DEVICE_FAMILY = "1,2";
				TEST_HOST = "$(BUILT_PRODUCTS_DIR)/Covid.app/Covid";
			};
			name = Debug;
		};
		ED0C0D7224AB29EC008646D6 /* Release */ = {
			isa = XCBuildConfiguration;
			buildSettings = {
				ALWAYS_EMBED_SWIFT_STANDARD_LIBRARIES = YES;
				BUNDLE_LOADER = "$(TEST_HOST)";
				CODE_SIGN_STYLE = Automatic;
				INFOPLIST_FILE = CovidTests/Info.plist;
				IPHONEOS_DEPLOYMENT_TARGET = 13.5;
				LD_RUNPATH_SEARCH_PATHS = (
					"$(inherited)",
					"@executable_path/Frameworks",
					"@loader_path/Frameworks",
				);
				PRODUCT_BUNDLE_IDENTIFIER = com.ks.CovidTests;
				PRODUCT_NAME = "$(TARGET_NAME)";
				SWIFT_VERSION = 5.0;
				TARGETED_DEVICE_FAMILY = "1,2";
				TEST_HOST = "$(BUILT_PRODUCTS_DIR)/Covid.app/Covid";
			};
			name = Release;
		};
		ED0C0D7424AB29EC008646D6 /* Debug */ = {
			isa = XCBuildConfiguration;
			buildSettings = {
				ALWAYS_EMBED_SWIFT_STANDARD_LIBRARIES = YES;
				CODE_SIGN_STYLE = Automatic;
				INFOPLIST_FILE = CovidUITests/Info.plist;
				LD_RUNPATH_SEARCH_PATHS = (
					"$(inherited)",
					"@executable_path/Frameworks",
					"@loader_path/Frameworks",
				);
				PRODUCT_BUNDLE_IDENTIFIER = com.ks.CovidUITests;
				PRODUCT_NAME = "$(TARGET_NAME)";
				SWIFT_VERSION = 5.0;
				TARGETED_DEVICE_FAMILY = "1,2";
				TEST_TARGET_NAME = Covid;
			};
			name = Debug;
		};
		ED0C0D7524AB29EC008646D6 /* Release */ = {
			isa = XCBuildConfiguration;
			buildSettings = {
				ALWAYS_EMBED_SWIFT_STANDARD_LIBRARIES = YES;
				CODE_SIGN_STYLE = Automatic;
				INFOPLIST_FILE = CovidUITests/Info.plist;
				LD_RUNPATH_SEARCH_PATHS = (
					"$(inherited)",
					"@executable_path/Frameworks",
					"@loader_path/Frameworks",
				);
				PRODUCT_BUNDLE_IDENTIFIER = com.ks.CovidUITests;
				PRODUCT_NAME = "$(TARGET_NAME)";
				SWIFT_VERSION = 5.0;
				TARGETED_DEVICE_FAMILY = "1,2";
				TEST_TARGET_NAME = Covid;
			};
			name = Release;
		};
/* End XCBuildConfiguration section */

/* Begin XCConfigurationList section */
		ED0C0D3E24AB29E9008646D6 /* Build configuration list for PBXProject "Covid" */ = {
			isa = XCConfigurationList;
			buildConfigurations = (
				ED0C0D6B24AB29EC008646D6 /* Debug */,
				ED0C0D6C24AB29EC008646D6 /* Release */,
			);
			defaultConfigurationIsVisible = 0;
			defaultConfigurationName = Release;
		};
		ED0C0D6D24AB29EC008646D6 /* Build configuration list for PBXNativeTarget "Covid" */ = {
			isa = XCConfigurationList;
			buildConfigurations = (
				ED0C0D6E24AB29EC008646D6 /* Debug */,
				ED0C0D6F24AB29EC008646D6 /* Release */,
			);
			defaultConfigurationIsVisible = 0;
			defaultConfigurationName = Release;
		};
		ED0C0D7024AB29EC008646D6 /* Build configuration list for PBXNativeTarget "CovidTests" */ = {
			isa = XCConfigurationList;
			buildConfigurations = (
				ED0C0D7124AB29EC008646D6 /* Debug */,
				ED0C0D7224AB29EC008646D6 /* Release */,
			);
			defaultConfigurationIsVisible = 0;
			defaultConfigurationName = Release;
		};
		ED0C0D7324AB29EC008646D6 /* Build configuration list for PBXNativeTarget "CovidUITests" */ = {
			isa = XCConfigurationList;
			buildConfigurations = (
				ED0C0D7424AB29EC008646D6 /* Debug */,
				ED0C0D7524AB29EC008646D6 /* Release */,
			);
			defaultConfigurationIsVisible = 0;
			defaultConfigurationName = Release;
		};
/* End XCConfigurationList section */

/* Begin XCVersionGroup section */
		ED34DCFE24C0988400A7E6E3 /* Covid.xcdatamodeld */ = {
			isa = XCVersionGroup;
			children = (
				ED34DCFF24C0988400A7E6E3 /* Covid.xcdatamodel */,
			);
			currentVersion = ED34DCFF24C0988400A7E6E3 /* Covid.xcdatamodel */;
			path = Covid.xcdatamodeld;
			sourceTree = "<group>";
			versionGroupType = wrapper.xcdatamodel;
		};
/* End XCVersionGroup section */
	};
	rootObject = ED0C0D3B24AB29E9008646D6 /* Project object */;
}
